{
  "name": "sandstorm-neostwofactorauthentication-e2e",
  "lockfileVersion": 3,
  "requires": true,
  "packages": {
    "": {
      "name": "sandstorm-neostwofactorauthentication-e2e",
      "devDependencies": {
        "@playwright/test": "^1.58.2",
        "@types/node": "^25.5.0",
        "otplib": "^13.4.0",
        "typescript": "^6.0.2"
      }
    },
    "node_modules/@noble/hashes": {
      "version": "2.0.1",
      "resolved": "https://registry.npmjs.org/@noble/hashes/-/hashes-2.0.1.tgz",
      "integrity": "sha512-XlOlEbQcE9fmuXxrVTXCTlG2nlRXa9Rj3rr5Ue/+tX+nmkgbX720YHh0VR3hBF9xDvwnb8D2shVGOwNx+ulArw==",
      "dev": true,
      "license": "MIT",
      "engines": {
        "node": ">= 20.19.0"
      },
      "funding": {
        "url": "https://paulmillr.com/funding/"
      }
    },
    "node_modules/@otplib/core": {
      "version": "13.4.0",
      "resolved": "https://registry.npmjs.org/@otplib/core/-/core-13.4.0.tgz",
      "integrity": "sha512-JqOGcvZQi2wIkEQo8f3/iAjstavpXy6gouIDMHygjNuH6Q0FjbHOiXMdcE94RwfgDNMABhzwUmvaPsxvgm9NYw==",
      "dev": true,
      "license": "MIT"
    },
    "node_modules/@otplib/hotp": {
      "version": "13.4.0",
      "resolved": "https://registry.npmjs.org/@otplib/hotp/-/hotp-13.4.0.tgz",
      "integrity": "sha512-MJjE0x06mn2ptymz5qZmQveb+vWFuaIftqE0b5/TZZqUOK7l97cV8lRTmid5BpAQMwJDNLW6RnYxGeCRiNdekw==",
      "dev": true,
      "license": "MIT",
      "dependencies": {
        "@otplib/core": "13.4.0",
        "@otplib/uri": "13.4.0"
      }
    },
    "node_modules/@otplib/plugin-base32-scure": {
      "version": "13.4.0",
      "resolved": "https://registry.npmjs.org/@otplib/plugin-base32-scure/-/plugin-base32-scure-13.4.0.tgz",
      "integrity": "sha512-/t9YWJmMbB8bF5z8mXrBZc2FXBe8B/3hG5FhWr9K8cFwFhyxScbPysmZe8s1UTzSA6N+s8Uv8aIfCtVXPNjJWw==",
      "dev": true,
      "license": "MIT",
      "dependencies": {
        "@otplib/core": "13.4.0",
        "@scure/base": "^2.0.0"
      }
    },
    "node_modules/@otplib/plugin-crypto-noble": {
      "version": "13.4.0",
      "resolved": "https://registry.npmjs.org/@otplib/plugin-crypto-noble/-/plugin-crypto-noble-13.4.0.tgz",
      "integrity": "sha512-KrvE4m7Zv+TT1944HzgqFJWJpKb6AyoxDbvhPStmBqdMlv5Gekb80d66cuFRL08kkPgJ5gXUSb5SFpYeB+bACg==",
      "dev": true,
      "license": "MIT",
      "dependencies": {
        "@noble/hashes": "^2.0.1",
        "@otplib/core": "13.4.0"
      }
    },
    "node_modules/@otplib/totp": {
      "version": "13.4.0",
      "resolved": "https://registry.npmjs.org/@otplib/totp/-/totp-13.4.0.tgz",
      "integrity": "sha512-dK+vl0f0ekzf6mCENRI9AKS2NJUC7OjI3+X8e7QSnhQ2WM7I+i4PGpb3QxKi5hxjTtwVuoZwXR2CFtXdcRtNdQ==",
      "dev": true,
      "license": "MIT",
      "dependencies": {
        "@otplib/core": "13.4.0",
        "@otplib/hotp": "13.4.0",
        "@otplib/uri": "13.4.0"
      }
    },
    "node_modules/@otplib/uri": {
      "version": "13.4.0",
      "resolved": "https://registry.npmjs.org/@otplib/uri/-/uri-13.4.0.tgz",
      "integrity": "sha512-x1ozBa5bPbdZCrrTL/HK21qchiK7jYElTu+0ft22abeEhiLYgH1+SIULvOcVk3CK8YwF4kdcidvkq4ciejucJA==",
      "dev": true,
      "license": "MIT",
      "dependencies": {
        "@otplib/core": "13.4.0"
      }
    },
    "node_modules/@playwright/test": {
      "version": "1.58.2",
      "resolved": "https://registry.npmjs.org/@playwright/test/-/test-1.58.2.tgz",
      "integrity": "sha512-akea+6bHYBBfA9uQqSYmlJXn61cTa+jbO87xVLCWbTqbWadRVmhxlXATaOjOgcBaWU4ePo0wB41KMFv3o35IXA==",
      "dev": true,
      "license": "Apache-2.0",
      "dependencies": {
        "playwright": "1.58.2"
      },
      "bin": {
        "playwright": "cli.js"
      },
      "engines": {
        "node": ">=18"
      }
    },
    "node_modules/@scure/base": {
      "version": "2.0.0",
      "resolved": "https://registry.npmjs.org/@scure/base/-/base-2.0.0.tgz",
      "integrity": "sha512-3E1kpuZginKkek01ovG8krQ0Z44E3DHPjc5S2rjJw9lZn3KSQOs8S7wqikF/AH7iRanHypj85uGyxk0XAyC37w==",
      "dev": true,
      "license": "MIT",
      "funding": {
        "url": "https://paulmillr.com/funding/"
      }
    },
    "node_modules/@types/node": {
      "version": "25.5.0",
      "resolved": "https://registry.npmjs.org/@types/node/-/node-25.5.0.tgz",
      "integrity": "sha512-jp2P3tQMSxWugkCUKLRPVUpGaL5MVFwF8RDuSRztfwgN1wmqJeMSbKlnEtQqU8UrhTmzEmZdu2I6v2dpp7XIxw==",
      "dev": true,
      "license": "MIT",
      "dependencies": {
        "undici-types": "~7.18.0"
      }
    },
    "node_modules/fsevents": {
      "version": "2.3.2",
      "resolved": "https://registry.npmjs.org/fsevents/-/fsevents-2.3.2.tgz",
      "integrity": "sha512-xiqMQR4xAeHTuB9uWm+fFRcIOgKBMiOBP+eXiyT7jsgVCq1bkVygt00oASowB7EdtpOHaaPgKt812P9ab+DDKA==",
      "dev": true,
      "hasInstallScript": true,
      "license": "MIT",
      "optional": true,
      "os": [
        "darwin"
      ],
      "engines": {
        "node": "^8.16.0 || ^10.6.0 || >=11.0.0"
      }
    },
    "node_modules/otplib": {
      "version": "13.4.0",
      "resolved": "https://registry.npmjs.org/otplib/-/otplib-13.4.0.tgz",
      "integrity": "sha512-RUcYcRMCgRWhUE/XabRppXpUwCwaWBNHe5iPXhdvP8wwDGpGpsIf/kxX/ec3zFsOaM1Oq8lEhUqDwk6W7DHkwg==",
      "dev": true,
      "license": "MIT",
      "dependencies": {
        "@otplib/core": "13.4.0",
        "@otplib/hotp": "13.4.0",
        "@otplib/plugin-base32-scure": "13.4.0",
        "@otplib/plugin-crypto-noble": "13.4.0",
        "@otplib/totp": "13.4.0",
        "@otplib/uri": "13.4.0"
      }
    },
    "node_modules/playwright": {
      "version": "1.58.2",
      "resolved": "https://registry.npmjs.org/playwright/-/playwright-1.58.2.tgz",
      "integrity": "sha512-vA30H8Nvkq/cPBnNw4Q8TWz1EJyqgpuinBcHET0YVJVFldr8JDNiU9LaWAE1KqSkRYazuaBhTpB5ZzShOezQ6A==",
      "dev": true,
      "license": "Apache-2.0",
      "dependencies": {
        "playwright-core": "1.58.2"
      },
      "bin": {
        "playwright": "cli.js"
      },
      "engines": {
        "node": ">=18"
      },
      "optionalDependencies": {
        "fsevents": "2.3.2"
      }
    },
    "node_modules/playwright-core": {
      "version": "1.58.2",
      "resolved": "https://registry.npmjs.org/playwright-core/-/playwright-core-1.58.2.tgz",
      "integrity": "sha512-yZkEtftgwS8CsfYo7nm0KE8jsvm6i/PTgVtB8DL726wNf6H2IMsDuxCpJj59KDaxCtSnrWan2AeDqM7JBaultg==",
      "dev": true,
      "license": "Apache-2.0",
      "bin": {
        "playwright-core": "cli.js"
      },
      "engines": {
        "node": ">=18"
      }
    },
    "node_modules/typescript": {
      "version": "6.0.2",
      "resolved": "https://registry.npmjs.org/typescript/-/typescript-6.0.2.tgz",
      "integrity": "sha512-bGdAIrZ0wiGDo5l8c++HWtbaNCWTS4UTv7RaTH/ThVIgjkveJt83m74bBHMJkuCbslY8ixgLBVZJIOiQlQTjfQ==",
      "dev": true,
      "license": "Apache-2.0",
      "bin": {
        "tsc": "bin/tsc",
        "tsserver": "bin/tsserver"
      },
      "engines": {
        "node": ">=14.17"
      }
    },
    "node_modules/undici-types": {
      "version": "7.18.2",
      "resolved": "https://registry.npmjs.org/undici-types/-/undici-types-7.18.2.tgz",
      "integrity": "sha512-AsuCzffGHJybSaRrmr5eHr81mwJU3kjw6M+uprWvCXiNeN9SOGwQ3Jn8jb8m3Z6izVgknn1R0FTCEAP2QrLY/w==",
      "dev": true,
      "license": "MIT"
    }
  }
}
